
Microsoft Visual Studio Solution File, Format Version 12.00
# Visual Studio Version 16
VisualStudioVersion = 16.0.31424.327
MinimumVisualStudioVersion = 10.0.40219.1
Project("{9A19103F-16F7-4668-BE54-9A1E7A4F7556}") = "Test.Backend", "Test.Backend\Test.Backend.csproj", "{675431D2-E4F5-4FBF-91F3-C1F6F1996D20}"
EndProject
Project("{E53339B2-1760-4266-BCC7-CA923CBCF16C}") = "docker-compose", "docker-compose.dcproj", "{1C500B34-59EE-4DAA-9535-5D6C08FD5619}"
EndProject
Project("{9A19103F-16F7-4668-BE54-9A1E7A4F7556}") = "Test.Data", "Test.Data\Test.Data.csproj", "{23FC3A0D-F5F2-42A5-9B3C-F8B9B099F7A2}"
EndProject
Project("{FAE04EC0-301F-11D3-BF4B-00C04F79EFBC}") = "Test.Services", "..\Test.Services\Test.Services.csproj", "{40D37CE7-00AF-4E8E-ADCB-EDB7DEE38E21}"
EndProject
Global
	GlobalSection(SolutionConfigurationPlatforms) = preSolution
		Debug|Any CPU = Debug|Any CPU
		Release|Any CPU = Release|Any CPU
	EndGlobalSection
	GlobalSection(ProjectConfigurationPlatforms) = postSolution
		{675431D2-E4F5-4FBF-91F3-C1F6F1996D20}.Debug|Any CPU.ActiveCfg = Debug|Any CPU
		{675431D2-E4F5-4FBF-91F3-C1F6F1996D20}.Debug|Any CPU.Build.0 = Debug|Any CPU
		{675431D2-E4F5-4FBF-91F3-C1F6F1996D20}.Release|Any CPU.ActiveCfg = Release|Any CPU
		{675431D2-E4F5-4FBF-91F3-C1F6F1996D20}.Release|Any CPU.Build.0 = Release|Any CPU
		{1C500B34-59EE-4DAA-9535-5D6C08FD5619}.Debug|Any CPU.ActiveCfg = Debug|Any CPU
		{1C500B34-59EE-4DAA-9535-5D6C08FD5619}.Debug|Any CPU.Build.0 = Debug|Any CPU
		{1C500B34-59EE-4DAA-9535-5D6C08FD5619}.Release|Any CPU.ActiveCfg = Release|Any CPU
		{1C500B34-59EE-4DAA-9535-5D6C08FD5619}.Release|Any CPU.Build.0 = Release|Any CPU
		{23FC3A0D-F5F2-42A5-9B3C-F8B9B099F7A2}.Debug|Any CPU.ActiveCfg = Debug|Any CPU
		{23FC3A0D-F5F2-42A5-9B3C-F8B9B099F7A2}.Debug|Any CPU.Build.0 = Debug|Any CPU
		{23FC3A0D-F5F2-42A5-9B3C-F8B9B099F7A2}.Release|Any CPU.ActiveCfg = Release|Any CPU
		{23FC3A0D-F5F2-42A5-9B3C-F8B9B099F7A2}.Release|Any CPU.Build.0 = Release|Any CPU
		{40D37CE7-00AF-4E8E-ADCB-EDB7DEE38E21}.Debug|Any CPU.ActiveCfg = Debug|Any CPU
		{40D37CE7-00AF-4E8E-ADCB-EDB7DEE38E21}.Debug|Any CPU.Build.0 = Debug|Any CPU
		{40D37CE7-00AF-4E8E-ADCB-EDB7DEE38E21}.Release|Any CPU.ActiveCfg = Release|Any CPU
		{40D37CE7-00AF-4E8E-ADCB-EDB7DEE38E21}.Release|Any CPU.Build.0 = Release|Any CPU
	EndGlobalSection
	GlobalSection(SolutionProperties) = preSolution
		HideSolutionNode = FALSE
	EndGlobalSection
	GlobalSection(ExtensibilityGlobals) = postSolution
		SolutionGuid = {3CFDBF17-4558-49D7-AF70-8FCB75AA9523}
	EndGlobalSection
EndGlobal
